// !$*UTF8*$!
{
	archiveVersion = 1;
	classes = {
	};
	objectVersion = 48;
	objects = {

/* Begin PBXBuildFile section */
		FAD24E2520332B5A0076FA5E /* AppDelegate.swift in Sources */ = {isa = PBXBuildFile; fileRef = FAD24E2420332B5A0076FA5E /* AppDelegate.swift */; };
		FAD24E2720332B5A0076FA5E /* ViewController.swift in Sources */ = {isa = PBXBuildFile; fileRef = FAD24E2620332B5A0076FA5E /* ViewController.swift */; };
		FAD24E2A20332B5A0076FA5E /* Main.storyboard in Resources */ = {isa = PBXBuildFile; fileRef = FAD24E2820332B5A0076FA5E /* Main.storyboard */; };
		FAD24E2C20332B5A0076FA5E /* Assets.xcassets in Resources */ = {isa = PBXBuildFile; fileRef = FAD24E2B20332B5A0076FA5E /* Assets.xcassets */; };
		FAD24E2F20332B5A0076FA5E /* LaunchScreen.storyboard in Resources */ = {isa = PBXBuildFile; fileRef = FAD24E2D20332B5A0076FA5E /* LaunchScreen.storyboard */; };
		FAD24E3A20332B5A0076FA5E /* CalculatorTests.swift in Sources */ = {isa = PBXBuildFile; fileRef = FAD24E3920332B5A0076FA5E /* CalculatorTests.swift */; };
		FAD24E4520332B5A0076FA5E /* CalculatorUITests.swift in Sources */ = {isa = PBXBuildFile; fileRef = FAD24E4420332B5A0076FA5E /* CalculatorUITests.swift */; };
/* End PBXBuildFile section */

/* Begin PBXContainerItemProxy section */
		FAD24E3620332B5A0076FA5E /* PBXContainerItemProxy */ = {
			isa = PBXContainerItemProxy;
			containerPortal = FAD24E1920332B5A0076FA5E /* Project object */;
			proxyType = 1;
			remoteGlobalIDString = FAD24E2020332B5A0076FA5E;
			remoteInfo = Calculator;
		};
		FAD24E4120332B5A0076FA5E /* PBXContainerItemProxy */ = {
			isa = PBXContainerItemProxy;
			containerPortal = FAD24E1920332B5A0076FA5E /* Project object */;
			proxyType = 1;
			remoteGlobalIDString = FAD24E2020332B5A0076FA5E;
			remoteInfo = Calculator;
		};
/* End PBXContainerItemProxy section */

/* Begin PBXFileReference section */
		FAD24E2120332B5A0076FA5E /* Calculator.app */ = {isa = PBXFileReference; explicitFileType = wrapper.application; includeInIndex = 0; path = Calculator.app; sourceTree = BUILT_PRODUCTS_DIR; };
		FAD24E2420332B5A0076FA5E /* AppDelegate.swift */ = {isa = PBXFileReference; lastKnownFileType = sourcecode.swift; path = AppDelegate.swift; sourceTree = "<group>"; };
		FAD24E2620332B5A0076FA5E /* ViewController.swift */ = {isa = PBXFileReference; lastKnownFileType = sourcecode.swift; path = ViewController.swift; sourceTree = "<group>"; };
		FAD24E2920332B5A0076FA5E /* Base */ = {isa = PBXFileReference; lastKnownFileType = file.storyboard; name = Base; path = Base.lproj/Main.storyboard; sourceTree = "<group>"; };
		FAD24E2B20332B5A0076FA5E /* Assets.xcassets */ = {isa = PBXFileReference; lastKnownFileType = folder.assetcatalog; path = Assets.xcassets; sourceTree = "<group>"; };
		FAD24E2E20332B5A0076FA5E /* Base */ = {isa = PBXFileReference; lastKnownFileType = file.storyboard; name = Base; path = Base.lproj/LaunchScreen.storyboard; sourceTree = "<group>"; };
		FAD24E3020332B5A0076FA5E /* Info.plist */ = {isa = PBXFileReference; lastKnownFileType = text.plist.xml; path = Info.plist; sourceTree = "<group>"; };
		FAD24E3520332B5A0076FA5E /* CalculatorTests.xctest */ = {isa = PBXFileReference; explicitFileType = wrapper.cfbundle; includeInIndex = 0; path = CalculatorTests.xctest; sourceTree = BUILT_PRODUCTS_DIR; };
		FAD24E3920332B5A0076FA5E /* CalculatorTests.swift */ = {isa = PBXFileReference; lastKnownFileType = sourcecode.swift; path = CalculatorTests.swift; sourceTree = "<group>"; };
		FAD24E3B20332B5A0076FA5E /* Info.plist */ = {isa = PBXFileReference; lastKnownFileType = text.plist.xml; path = Info.plist; sourceTree = "<group>"; };
		FAD24E4020332B5A0076FA5E /* CalculatorUITests.xctest */ = {isa = PBXFileReference; explicitFileType = wrapper.cfbundle; includeInIndex = 0; path = CalculatorUITests.xctest; sourceTree = BUILT_PRODUCTS_DIR; };
		FAD24E4420332B5A0076FA5E /* CalculatorUITests.swift */ = {isa = PBXFileReference; lastKnownFileType = sourcecode.swift; path = CalculatorUITests.swift; sourceTree = "<group>"; };
		FAD24E4620332B5A0076FA5E /* Info.plist */ = {isa = PBXFileReference; lastKnownFileType = text.plist.xml; path = Info.plist; sourceTree = "<group>"; };
/* End PBXFileReference section */

/* Begin PBXFrameworksBuildPhase section */
		FAD24E1E20332B5A0076FA5E /* Frameworks */ = {
			isa = PBXFrameworksBuildPhase;
			buildActionMask = 2147483647;
			files = (
			);
			runOnlyForDeploymentPostprocessing = 0;
		};
		FAD24E3220332B5A0076FA5E /* Frameworks */ = {
			isa = PBXFrameworksBuildPhase;
			buildActionMask = 2147483647;
			files = (
			);
			runOnlyForDeploymentPostprocessing = 0;
		};
		FAD24E3D20332B5A0076FA5E /* Frameworks */ = {
			isa = PBXFrameworksBuildPhase;
			buildActionMask = 2147483647;
			files = (
			);
			runOnlyForDeploymentPostprocessing = 0;
		};
/* End PBXFrameworksBuildPhase section */

/* Begin PBXGroup section */
		FAD24E1820332B5A0076FA5E = {
			isa = PBXGroup;
			children = (
				FAD24E2320332B5A0076FA5E /* Calculator */,
				FAD24E3820332B5A0076FA5E /* CalculatorTests */,
				FAD24E4320332B5A0076FA5E /* CalculatorUITests */,
				FAD24E2220332B5A0076FA5E /* Products */,
			);
			sourceTree = "<group>";
		};
		FAD24E2220332B5A0076FA5E /* Products */ = {
			isa = PBXGroup;
			children = (
				FAD24E2120332B5A0076FA5E /* Calculator.app */,
				FAD24E3520332B5A0076FA5E /* CalculatorTests.xctest */,
				FAD24E4020332B5A0076FA5E /* CalculatorUITests.xctest */,
			);
			name = Products;
			sourceTree = "<group>";
		};
		FAD24E2320332B5A0076FA5E /* Calculator */ = {
			isa = PBXGroup;
			children = (
				FAD24E2420332B5A0076FA5E /* AppDelegate.swift */,
				FAD24E2620332B5A0076FA5E /* ViewController.swift */,
				FAD24E2820332B5A0076FA5E /* Main.storyboard */,
				FAD24E2B20332B5A0076FA5E /* Assets.xcassets */,
				FAD24E2D20332B5A0076FA5E /* LaunchScreen.storyboard */,
				FAD24E3020332B5A0076FA5E /* Info.plist */,
			);
			path = Calculator;
			sourceTree = "<group>";
		};
		FAD24E3820332B5A0076FA5E /* CalculatorTests */ = {
			isa = PBXGroup;
			children = (
				FAD24E3920332B5A0076FA5E /* CalculatorTests.swift */,
				FAD24E3B20332B5A0076FA5E /* Info.plist */,
			);
			path = CalculatorTests;
			sourceTree = "<group>";
		};
		FAD24E4320332B5A0076FA5E /* CalculatorUITests */ = {
			isa = PBXGroup;
			children = (
				FAD24E4420332B5A0076FA5E /* CalculatorUITests.swift */,
				FAD24E4620332B5A0076FA5E /* Info.plist */,
			);
			path = CalculatorUITests;
			sourceTree = "<group>";
		};
/* End PBXGroup section */

/* Begin PBXNativeTarget section */
		FAD24E2020332B5A0076FA5E /* Calculator */ = {
			isa = PBXNativeTarget;
			buildConfigurationList = FAD24E4920332B5A0076FA5E /* Build configuration list for PBXNativeTarget "Calculator" */;
			buildPhases = (
				FAD24E1D20332B5A0076FA5E /* Sources */,
				FAD24E1E20332B5A0076FA5E /* Frameworks */,
				FAD24E1F20332B5A0076FA5E /* Resources */,
			);
			buildRules = (
			);
			dependencies = (
			);
			name = Calculator;
			productName = Calculator;
			productReference = FAD24E2120332B5A0076FA5E /* Calculator.app */;
			productType = "com.apple.product-type.application";
		};
		FAD24E3420332B5A0076FA5E /* CalculatorTests */ = {
			isa = PBXNativeTarget;
			buildConfigurationList = FAD24E4C20332B5A0076FA5E /* Build configuration list for PBXNativeTarget "CalculatorTests" */;
			buildPhases = (
				FAD24E3120332B5A0076FA5E /* Sources */,
				FAD24E3220332B5A0076FA5E /* Frameworks */,
				FAD24E3320332B5A0076FA5E /* Resources */,
			);
			buildRules = (
			);
			dependencies = (
				FAD24E3720332B5A0076FA5E /* PBXTargetDependency */,
			);
			name = CalculatorTests;
			productName = CalculatorTests;
			productReference = FAD24E3520332B5A0076FA5E /* CalculatorTests.xctest */;
			productType = "com.apple.product-type.bundle.unit-test";
		};
		FAD24E3F20332B5A0076FA5E /* CalculatorUITests */ = {
			isa = PBXNativeTarget;
			buildConfigurationList = FAD24E4F20332B5A0076FA5E /* Build configuration list for PBXNativeTarget "CalculatorUITests" */;
			buildPhases = (
				FAD24E3C20332B5A0076FA5E /* Sources */,
				FAD24E3D20332B5A0076FA5E /* Frameworks */,
				FAD24E3E20332B5A0076FA5E /* Resources */,
			);
			buildRules = (
			);
			dependencies = (
				FAD24E4220332B5A0076FA5E /* PBXTargetDependency */,
			);
			name = CalculatorUITests;
			productName = CalculatorUITests;
			productReference = FAD24E4020332B5A0076FA5E /* CalculatorUITests.xctest */;
			productType = "com.apple.product-type.bundle.ui-testing";
		};
/* End PBXNativeTarget section */

/* Begin PBXProject section */
		FAD24E1920332B5A0076FA5E /* Project object */ = {
			isa = PBXProject;
			attributes = {
				LastSwiftUpdateCheck = 0920;
				LastUpgradeCheck = 0920;
				ORGANIZATIONNAME = Jarb;
				TargetAttributes = {
					FAD24E2020332B5A0076FA5E = {
						CreatedOnToolsVersion = 9.2;
						ProvisioningStyle = Automatic;
					};
					FAD24E3420332B5A0076FA5E = {
						CreatedOnToolsVersion = 9.2;
						ProvisioningStyle = Automatic;
						TestTargetID = FAD24E2020332B5A0076FA5E;
					};
					FAD24E3F20332B5A0076FA5E = {
						CreatedOnToolsVersion = 9.2;
						ProvisioningStyle = Automatic;
						TestTargetID = FAD24E2020332B5A0076FA5E;
					};
				};
			};
			buildConfigurationList = FAD24E1C20332B5A0076FA5E /* Build configuration list for PBXProject "Calculator" */;
			compatibilityVersion = "Xcode 8.0";
			developmentRegion = en;
			hasScannedForEncodings = 0;
			knownRegions = (
				en,
				Base,
			);
			mainGroup = FAD24E1820332B5A0076FA5E;
			productRefGroup = FAD24E2220332B5A0076FA5E /* Products */;
			projectDirPath = "";
			projectRoot = "";
			targets = (
				FAD24E2020332B5A0076FA5E /* Calculator */,
				FAD24E3420332B5A0076FA5E /* CalculatorTests */,
				FAD24E3F20332B5A0076FA5E /* CalculatorUITests */,
			);
		};
/* End PBXProject section */

/* Begin PBXResourcesBuildPhase section */
		FAD24E1F20332B5A0076FA5E /* Resources */ = {
			isa = PBXResourcesBuildPhase;
			buildActionMask = 2147483647;
			files = (
				FAD24E2F20332B5A0076FA5E /* LaunchScreen.storyboard in Resources */,
				FAD24E2C20332B5A0076FA5E /* Assets.xcassets in Resources */,
				FAD24E2A20332B5A0076FA5E /* Main.storyboard in Resources */,
			);
			runOnlyForDeploymentPostprocessing = 0;
		};
		FAD24E3320332B5A0076FA5E /* Resources */ = {
			isa = PBXResourcesBuildPhase;
			buildActionMask = 2147483647;
			files = (
			);
			runOnlyForDeploymentPostprocessing = 0;
		};
		FAD24E3E20332B5A0076FA5E /* Resources */ = {
			isa = PBXResourcesBuildPhase;
			buildActionMask = 2147483647;
			files = (
			);
			runOnlyForDeploymentPostprocessing = 0;
		};
/* End PBXResourcesBuildPhase section */

/* Begin PBXSourcesBuildPhase section */
		FAD24E1D20332B5A0076FA5E /* Sources */ = {
			isa = PBXSourcesBuildPhase;
			buildActionMask = 2147483647;
			files = (
				FAD24E2720332B5A0076FA5E /* ViewController.swift in Sources */,
				FAD24E2520332B5A0076FA5E /* AppDelegate.swift in Sources */,
			);
			runOnlyForDeploymentPostprocessing = 0;
		};
		FAD24E3120332B5A0076FA5E /* Sources */ = {
			isa = PBXSourcesBuildPhase;
			buildActionMask = 2147483647;
			files = (
				FAD24E3A20332B5A0076FA5E /* CalculatorTests.swift in Sources */,
			);
			runOnlyForDeploymentPostprocessing = 0;
		};
		FAD24E3C20332B5A0076FA5E /* Sources */ = {
			isa = PBXSourcesBuildPhase;
			buildActionMask = 2147483647;
			files = (
				FAD24E4520332B5A0076FA5E /* CalculatorUITests.swift in Sources */,
			);
			runOnlyForDeploymentPostprocessing = 0;
		};
/* End PBXSourcesBuildPhase section */

/* Begin PBXTargetDependency section */
		FAD24E3720332B5A0076FA5E /* PBXTargetDependency */ = {
			isa = PBXTargetDependency;
			target = FAD24E2020332B5A0076FA5E /* Calculator */;
			targetProxy = FAD24E3620332B5A0076FA5E /* PBXContainerItemProxy */;
		};
		FAD24E4220332B5A0076FA5E /* PBXTargetDependency */ = {
			isa = PBXTargetDependency;
			target = FAD24E2020332B5A0076FA5E /* Calculator */;
			targetProxy = FAD24E4120332B5A0076FA5E /* PBXContainerItemProxy */;
		};
/* End PBXTargetDependency section */

/* Begin PBXVariantGroup section */
		FAD24E2820332B5A0076FA5E /* Main.storyboard */ = {
			isa = PBXVariantGroup;
			children = (
				FAD24E2920332B5A0076FA5E /* Base */,
			);
			name = Main.storyboard;
			sourceTree = "<group>";
		};
		FAD24E2D20332B5A0076FA5E /* LaunchScreen.storyboard */ = {
			isa = PBXVariantGroup;
			children = (
				FAD24E2E20332B5A0076FA5E /* Base */,
			);
			name = LaunchScreen.storyboard;
			sourceTree = "<group>";
		};
/* End PBXVariantGroup section */

/* Begin XCBuildConfiguration section */
		FAD24E4720332B5A0076FA5E /* Debug */ = {
			isa = XCBuildConfiguration;
			buildSettings = {
				ALWAYS_SEARCH_USER_PATHS = NO;
				CLANG_ANALYZER_NONNULL = YES;
				CLANG_ANALYZER_NUMBER_OBJECT_CONVERSION = YES_AGGRESSIVE;
				CLANG_CXX_LANGUAGE_STANDARD = "gnu++14";
				CLANG_CXX_LIBRARY = "libc++";
				CLANG_ENABLE_MODULES = YES;
				CLANG_ENABLE_OBJC_ARC = YES;
				CLANG_WARN_BLOCK_CAPTURE_AUTORELEASING = YES;
				CLANG_WARN_BOOL_CONVERSION = YES;
				CLANG_WARN_COMMA = YES;
				CLANG_WARN_CONSTANT_CONVERSION = YES;
				CLANG_WARN_DIRECT_OBJC_ISA_USAGE = YES_ERROR;
				CLANG_WARN_DOCUMENTATION_COMMENTS = YES;
				CLANG_WARN_EMPTY_BODY = YES;
				CLANG_WARN_ENUM_CONVERSION = YES;
				CLANG_WARN_INFINITE_RECURSION = YES;
				CLANG_WARN_INT_CONVERSION = YES;
				CLANG_WARN_NON_LITERAL_NULL_CONVERSION = YES;
				CLANG_WARN_OBJC_LITERAL_CONVERSION = YES;
				CLANG_WARN_OBJC_ROOT_CLASS = YES_ERROR;
				CLANG_WARN_RANGE_LOOP_ANALYSIS = YES;
				CLANG_WARN_STRICT_PROTOTYPES = YES;
				CLANG_WARN_SUSPICIOUS_MOVE = YES;
				CLANG_WARN_UNGUARDED_AVAILABILITY = YES_AGGRESSIVE;
				CLANG_WARN_UNREACHABLE_CODE = YES;
				CLANG_WARN__DUPLICATE_METHOD_MATCH = YES;
				CODE_SIGN_IDENTITY = "iPhone Developer";
				COPY_PHASE_STRIP = NO;
				DEBUG_INFORMATION_FORMAT = dwarf;
				ENABLE_STRICT_OBJC_MSGSEND = YES;
				ENABLE_TESTABILITY = YES;
				GCC_C_LANGUAGE_STANDARD = gnu11;
				GCC_DYNAMIC_NO_PIC = NO;
				GCC_NO_COMMON_BLOCKS = YES;
				GCC_OPTIMIZATION_LEVEL = 0;
				GCC_PREPROCESSOR_DEFINITIONS = (
					"DEBUG=1",
					"$(inherited)",
				);
				GCC_WARN_64_TO_32_BIT_CONVERSION = YES;
				GCC_WARN_ABOUT_RETURN_TYPE = YES_ERROR;
				GCC_WARN_UNDECLARED_SELECTOR = YES;
				GCC_WARN_UNINITIALIZED_AUTOS = YES_AGGRESSIVE;
				GCC_WARN_UNUSED_FUNCTION = YES;
				GCC_WARN_UNUSED_VARIABLE = YES;
				IPHONEOS_DEPLOYMENT_TARGET = 11.2;
				MTL_ENABLE_DEBUG_INFO = YES;
				ONLY_ACTIVE_ARCH = YES;
				SDKROOT = iphoneos;
				SWIFT_ACTIVE_COMPILATION_CONDITIONS = DEBUG;
				SWIFT_OPTIMIZATION_LEVEL = "-Onone";
			};
			name = Debug;
		};
		FAD24E4820332B5A0076FA5E /* Release */ = {
			isa = XCBuildConfiguration;
			buildSettings = {
				ALWAYS_SEARCH_USER_PATHS = NO;
				CLANG_ANALYZER_NONNULL = YES;
				CLANG_ANALYZER_NUMBER_OBJECT_CONVERSION = YES_AGGRESSIVE;
				CLANG_CXX_LANGUAGE_STANDARD = "gnu++14";
				CLANG_CXX_LIBRARY = "libc++";
				CLANG_ENABLE_MODULES = YES;
				CLANG_ENABLE_OBJC_ARC = YES;
				CLANG_WARN_BLOCK_CAPTURE_AUTORELEASING = YES;
				CLANG_WARN_BOOL_CONVERSION = YES;
				CLANG_WARN_COMMA = YES;
				CLANG_WARN_CONSTANT_CONVERSION = YES;
				CLANG_WARN_DIRECT_OBJC_ISA_USAGE = YES_ERROR;
				CLANG_WARN_DOCUMENTATION_COMMENTS = YES;
				CLANG_WARN_EMPTY_BODY = YES;
				CLANG_WARN_ENUM_CONVERSION = YES;
				CLANG_WARN_INFINITE_RECURSION = YES;
				CLANG_WARN_INT_CONVERSION = YES;
				CLANG_WARN_NON_LITERAL_NULL_CONVERSION = YES;
				CLANG_WARN_OBJC_LITERAL_CONVERSION = YES;
				CLANG_WARN_OBJC_ROOT_CLASS = YES_ERROR;
				CLANG_WARN_RANGE_LOOP_ANALYSIS = YES;
				CLANG_WARN_STRICT_PROTOTYPES = YES;
				CLANG_WARN_SUSPICIOUS_MOVE = YES;
				CLANG_WARN_UNGUARDED_AVAILABILITY = YES_AGGRESSIVE;
				CLANG_WARN_UNREACHABLE_CODE = YES;
				CLANG_WARN__DUPLICATE_METHOD_MATCH = YES;
				CODE_SIGN_IDENTITY = "iPhone Developer";
				COPY_PHASE_STRIP = NO;
				DEBUG_INFORMATION_FORMAT = "dwarf-with-dsym";
				ENABLE_NS_ASSERTIONS = NO;
				ENABLE_STRICT_OBJC_MSGSEND = YES;
				GCC_C_LANGUAGE_STANDARD = gnu11;
				GCC_NO_COMMON_BLOCKS = YES;
				GCC_WARN_64_TO_32_BIT_CONVERSION = YES;
				GCC_WARN_ABOUT_RETURN_TYPE = YES_ERROR;
				GCC_WARN_UNDECLARED_SELECTOR = YES;
				GCC_WARN_UNINITIALIZED_AUTOS = YES_AGGRESSIVE;
				GCC_WARN_UNUSED_FUNCTION = YES;
				GCC_WARN_UNUSED_VARIABLE = YES;
				IPHONEOS_DEPLOYMENT_TARGET = 11.2;
				MTL_ENABLE_DEBUG_INFO = NO;
				SDKROOT = iphoneos;
				SWIFT_OPTIMIZATION_LEVEL = "-Owholemodule";
				VALIDATE_PRODUCT = YES;
			};
			name = Release;
		};
		FAD24E4A20332B5A0076FA5E /* Debug */ = {
			isa = XCBuildConfiguration;
			buildSettings = {
				ASSETCATALOG_COMPILER_APPICON_NAME = AppIcon;
				CODE_SIGN_STYLE = Automatic;
				INFOPLIST_FILE = Calculator/Info.plist;
				LD_RUNPATH_SEARCH_PATHS = "$(inherited) @executable_path/Frameworks";
				PRODUCT_BUNDLE_IDENTIFIER = com.jarb.Calculator;
				PRODUCT_NAME = "$(TARGET_NAME)";
				SWIFT_VERSION = 4.0;
				TARGETED_DEVICE_FAMILY = "1,2";
			};
			name = Debug;
		};
		FAD24E4B20332B5A0076FA5E /* Release */ = {
			isa = XCBuildConfiguration;
			buildSettings = {
				ASSETCATALOG_COMPILER_APPICON_NAME = AppIcon;
				CODE_SIGN_STYLE = Automatic;
				INFOPLIST_FILE = Calculator/Info.plist;
				LD_RUNPATH_SEARCH_PATHS = "$(inherited) @executable_path/Frameworks";
				PRODUCT_BUNDLE_IDENTIFIER = com.jarb.Calculator;
				PRODUCT_NAME = "$(TARGET_NAME)";
				SWIFT_VERSION = 4.0;
				TARGETED_DEVICE_FAMILY = "1,2";
			};
			name = Release;
		};
		FAD24E4D20332B5A0076FA5E /* Debug */ = {
			isa = XCBuildConfiguration;
			buildSettings = {
				ALWAYS_EMBED_SWIFT_STANDARD_LIBRARIES = YES;
				BUNDLE_LOADER = "$(TEST_HOST)";
				CODE_SIGN_STYLE = Automatic;
				INFOPLIST_FILE = CalculatorTests/Info.plist;
				LD_RUNPATH_SEARCH_PATHS = "$(inherited) @executable_path/Frameworks @loader_path/Frameworks";
				PRODUCT_BUNDLE_IDENTIFIER = com.jarb.CalculatorTests;
				PRODUCT_NAME = "$(TARGET_NAME)";
				SWIFT_VERSION = 4.0;
				TARGETED_DEVICE_FAMILY = "1,2";
				TEST_HOST = "$(BUILT_PRODUCTS_DIR)/Calculator.app/Calculator";
			};
			name = Debug;
		};
		FAD24E4E20332B5A0076FA5E /* Release */ = {
			isa = XCBuildConfiguration;
			buildSettings = {
				ALWAYS_EMBED_SWIFT_STANDARD_LIBRARIES = YES;
				BUNDLE_LOADER = "$(TEST_HOST)";
				CODE_SIGN_STYLE = Automatic;
				INFOPLIST_FILE = CalculatorTests/Info.plist;
				LD_RUNPATH_SEARCH_PATHS = "$(inherited) @executable_path/Frameworks @loader_path/Frameworks";
				PRODUCT_BUNDLE_IDENTIFIER = com.jarb.CalculatorTests;
				PRODUCT_NAME = "$(TARGET_NAME)";
				SWIFT_VERSION = 4.0;
				TARGETED_DEVICE_FAMILY = "1,2";
				TEST_HOST = "$(BUILT_PRODUCTS_DIR)/Calculator.app/Calculator";
			};
			name = Release;
		};
		FAD24E5020332B5A0076FA5E /* Debug */ = {
			isa = XCBuildConfiguration;
			buildSettings = {
				ALWAYS_EMBED_SWIFT_STANDARD_LIBRARIES = YES;
				CODE_SIGN_STYLE = Automatic;
				INFOPLIST_FILE = CalculatorUITests/Info.plist;
				LD_RUNPATH_SEARCH_PATHS = "$(inherited) @executable_path/Frameworks @loader_path/Frameworks";
				PRODUCT_BUNDLE_IDENTIFIER = com.jarb.CalculatorUITests;
				PRODUCT_NAME = "$(TARGET_NAME)";
				SWIFT_VERSION = 4.0;
				TARGETED_DEVICE_FAMILY = "1,2";
				TEST_TARGET_NAME = Calculator;
			};
			name = Debug;
		};
		FAD24E5120332B5A0076FA5E /* Release */ = {
			isa = XCBuildConfiguration;
			buildSettings = {
				ALWAYS_EMBED_SWIFT_STANDARD_LIBRARIES = YES;
				CODE_SIGN_STYLE = Automatic;
				INFOPLIST_FILE = CalculatorUITests/Info.plist;
				LD_RUNPATH_SEARCH_PATHS = "$(inherited) @executable_path/Frameworks @loader_path/Frameworks";
				PRODUCT_BUNDLE_IDENTIFIER = com.jarb.CalculatorUITests;
				PRODUCT_NAME = "$(TARGET_NAME)";
				SWIFT_VERSION = 4.0;
				TARGETED_DEVICE_FAMILY = "1,2";
				TEST_TARGET_NAME = Calculator;
			};
			name = Release;
		};
/* End XCBuildConfiguration section */

/* Begin XCConfigurationList section */
		FAD24E1C20332B5A0076FA5E /* Build configuration list for PBXProject "Calculator" */ = {
			isa = XCConfigurationList;
			buildConfigurations = (
				FAD24E4720332B5A0076FA5E /* Debug */,
				FAD24E4820332B5A0076FA5E /* Release */,
			);
			defaultConfigurationIsVisible = 0;
			defaultConfigurationName = Release;
		};
		FAD24E4920332B5A0076FA5E /* Build configuration list for PBXNativeTarget "Calculator" */ = {
			isa = XCConfigurationList;
			buildConfigurations = (
				FAD24E4A20332B5A0076FA5E /* Debug */,
				FAD24E4B20332B5A0076FA5E /* Release */,
			);
			defaultConfigurationIsVisible = 0;
			defaultConfigurationName = Release;
		};
		FAD24E4C20332B5A0076FA5E /* Build configuration list for PBXNativeTarget "CalculatorTests" */ = {
			isa = XCConfigurationList;
			buildConfigurations = (
				FAD24E4D20332B5A0076FA5E /* Debug */,
				FAD24E4E20332B5A0076FA5E /* Release */,
			);
			defaultConfigurationIsVisible = 0;
			defaultConfigurationName = Release;
		};
		FAD24E4F20332B5A0076FA5E /* Build configuration list for PBXNativeTarget "CalculatorUITests" */ = {
			isa = XCConfigurationList;
			buildConfigurations = (
				FAD24E5020332B5A0076FA5E /* Debug */,
				FAD24E5120332B5A0076FA5E /* Release */,
			);
			defaultConfigurationIsVisible = 0;
			defaultConfigurationName = Release;
		};
/* End XCConfigurationList section */
	};
	rootObject = FAD24E1920332B5A0076FA5E /* Project object */;
}
